
Microsoft Visual Studio Solution File, Format Version 12.00
# Visual Studio Version 17
VisualStudioVersion = 17.5.001.0
MinimumVisualStudioVersion = 10.0.40219.1
Project("{9A19103F-16F7-4668-BE54-9A1E7A4F7556}") = "StopWatch", "StopWatch.csproj", "{AF7DCE31-6015-46B7-96D8-D29AFA6ED279}"
EndProject
Global
	GlobalSection(SolutionConfigurationPlatforms) = preSolution
		Debug|Any CPU = Debug|Any CPU
		Release|Any CPU = Release|Any CPU
	EndGlobalSection
	GlobalSection(ProjectConfigurationPlatforms) = postSolution
		{AF7DCE31-6015-46B7-96D8-D29AFA6ED279}.Debug|Any CPU.ActiveCfg = Debug|Any CPU
		{AF7DCE31-6015-46B7-96D8-D29AFA6ED279}.Debug|Any CPU.Build.0 = Debug|Any CPU
		{AF7DCE31-6015-46B7-96D8-D29AFA6ED279}.Release|Any CPU.ActiveCfg = Release|Any CPU
		{AF7DCE31-6015-46B7-96D8-D29AFA6ED279}.Release|Any CPU.Build.0 = Release|Any CPU
	EndGlobalSection
	GlobalSection(SolutionProperties) = preSolution
		HideSolutionNode = FALSE
	EndGlobalSection
	GlobalSection(ExtensibilityGlobals) = postSolution
		SolutionGuid = {BE925756-8EC5-4C56-892F-AABB0E9B1203}
	EndGlobalSection
EndGlobal
